github.com/bwmarrin/discordgo v0.20.1 h1:Ihh3/mVoRwy3otmaoPDUioILBJq4fdWkpsi83oj2Lmk=
github.com/bwmarrin/discordgo v0.20.1/go.mod h1:O9S4p+ofTFwB02em7jkpkV8M3R0/PUVOwN61zSZ0r4Q=
github.com/cytobot/messaging v0.0.0-20191202024925-27c2a05d8b75 h1:oQNO4Pv+9UKlxRvXvTTa7ZnJxntxfrgoH9iuEbSR5Gw=
github.com/cytobot/messaging v0.0.0-20191202024925-27c2a05d8b75/go.mod h1:3aiMtR82jy9rwQgJKrblUUfiyCeqm8IWa/Pq11jye8o=
github.com/golang/protobuf v1.3.2 h1:6nsPYzhq5kReh6QImI3k5qWzO4PEbvbIW2cwSfR/6xs=
github.com/golang/protobuf v1.3.2/go.mod h1:6lQm79b+lXiMfvg/cZm0SGofjICqVBUtrP5yJMmIC1U=
github.com/gorilla/websocket v1.4.0 h1:WDFjx/TMzVgy9VdMMQi2K2Emtwi2QcUQsztZ/zLaH/Q=
github.com/gorilla/websocket v1.4.0/go.mod h1:E7qHFY5m1UJ88s3WnNqhKjPHQ0heANvMoAMk2YaljkQ=
github.com/lampjaw/discordclient v0.0.0-20191202231535-bd49e5a87cbd h1:HYF9gURU2n1E504wkIFvrAQbiDsSLmTFt0SFuC4wNx8=
github.com/lampjaw/discordclient v0.0.0-20191202231535-bd49e5a87cbd/go.mod h1:w/s73o6mCH9nOs/X95b9nuJdtJqV2eJJtjh6tV9/Xns=
golang.org/x/crypto v0.0.0-20181030102418-4d3f4d9ffa16 h1:y6ce7gCWtnH+m3dCjzQ1PCuwl28DDIc3VNnvY29DlIA=
golang.org/x/crypto v0.0.0-20181030102418-4d3f4d9ffa16/go.mod h1:6SG95UA2DQfeDnfUPMdvaQW0Q7yPrPDi9nlGo2tz2b4=
